{
  "originHash" : "1faa24d66afa115ac1d1cedc39795e0b39b54decf49f82e4fbea3276cffe77f2",
  "pins" : [
    {
      "identity" : "gsplayer",
      "kind" : "remoteSourceControl",
      "location" : "https://github.com/sereivoanyong/GSPlayer",
      "state" : {
        "branch" : "sy/main",
        "revision" : "d6a053bbf223ce8710ca931abdf8a8c3b3fae6dd"
      }
    },
    {
      "identity" : "kingfisher",
      "kind" : "remoteSourceControl",
      "location" : "https://github.com/onevcat/Kingfisher",
      "state" : {
        "revision" : "2ef543ee21d63734e1c004ad6c870255e8716c50",
        "version" : "7.12.0"
      }
    }
  ],
  "version" : 3
}
